
Microsoft Visual Studio Solution File, Format Version 12.00
# Visual Studio Version 16
VisualStudioVersion = 16.0.30803.129
MinimumVisualStudioVersion = 10.0.40219.1
Project("{9A19103F-16F7-4668-BE54-9A1E7A4F7556}") = "MealPlanner.Data", "MealPlanner.Data\MealPlanner.Data.csproj", "{F96ED1FC-B10B-4ECA-965F-EC851D7E4D85}"
EndProject
Project("{9A19103F-16F7-4668-BE54-9A1E7A4F7556}") = "MealPlanner.User", "MealPlanner.User\MealPlanner.User.csproj", "{053E7781-2AB5-4AC1-987D-F0B946D79156}"
EndProject
Global
	GlobalSection(SolutionConfigurationPlatforms) = preSolution
		Debug|Any CPU = Debug|Any CPU
		Release|Any CPU = Release|Any CPU
	EndGlobalSection
	GlobalSection(ProjectConfigurationPlatforms) = postSolution
		{F96ED1FC-B10B-4ECA-965F-EC851D7E4D85}.Debug|Any CPU.ActiveCfg = Debug|Any CPU
		{F96ED1FC-B10B-4ECA-965F-EC851D7E4D85}.Debug|Any CPU.Build.0 = Debug|Any CPU
		{F96ED1FC-B10B-4ECA-965F-EC851D7E4D85}.Release|Any CPU.ActiveCfg = Release|Any CPU
		{F96ED1FC-B10B-4ECA-965F-EC851D7E4D85}.Release|Any CPU.Build.0 = Release|Any CPU
		{053E7781-2AB5-4AC1-987D-F0B946D79156}.Debug|Any CPU.ActiveCfg = Debug|Any CPU
		{053E7781-2AB5-4AC1-987D-F0B946D79156}.Debug|Any CPU.Build.0 = Debug|Any CPU
		{053E7781-2AB5-4AC1-987D-F0B946D79156}.Release|Any CPU.ActiveCfg = Release|Any CPU
		{053E7781-2AB5-4AC1-987D-F0B946D79156}.Release|Any CPU.Build.0 = Release|Any CPU
	EndGlobalSection
	GlobalSection(SolutionProperties) = preSolution
		HideSolutionNode = FALSE
	EndGlobalSection
	GlobalSection(ExtensibilityGlobals) = postSolution
		SolutionGuid = {66551EDC-8A3D-4ED4-AEFD-968D2AB6B938}
	EndGlobalSection
EndGlobal
